{
    "version": 3,
    "terraform_version": "0.11.7",
    "serial": 20,
    "lineage": "26f776be-4fc0-cbc6-f8b9-9d64d98aaa2a",
    "modules": [
        {
            "path": [
                "root"
            ],
            "outputs": {
                "password": {
                    "sensitive": false,
                    "type": "string",
                    "value": "hlf123 \r\n"
                }
            },
            "resources": {
                "data.google_compute_image.server_image": {
                    "type": "google_compute_image",
                    "depends_on": [],
                    "primary": {
                        "id": "godlydpatruljen/packer-1531395416",
                        "attributes": {
                            "archive_size_bytes": "197043648",
                            "creation_timestamp": "2018-07-12T04:37:43.122-07:00",
                            "description": "Created by Packer",
                            "disk_size_gb": "10",
                            "family": "",
                            "id": "godlydpatruljen/packer-1531395416",
                            "image_encryption_key_sha256": "",
                            "image_id": "1951783963620705129",
                            "label_fingerprint": "42WmSpB8rSM=",
                            "labels.%": "0",
                            "licenses.#": "1",
                            "licenses.0": "https://www.googleapis.com/compute/v1/projects/cos-cloud/global/licenses/cos",
                            "name": "packer-1531395416",
                            "project": "godlydpatruljen",
                            "self_link": "https://www.googleapis.com/compute/v1/projects/godlydpatruljen/global/images/packer-1531395416",
                            "source_disk": "https://www.googleapis.com/compute/v1/projects/godlydpatruljen/zones/europe-west3-a/disks/packer-5b473d58-48a0-bcf6-e7e0-9de46867fcb7",
                            "source_disk_encryption_key_sha256": "",
                            "source_disk_id": "2259938809022677937",
                            "source_image_id": "",
                            "status": "READY"
                        },
                        "meta": {},
                        "tainted": false
                    },
                    "deposed": [],
                    "provider": "provider.google"
                }
            },
            "depends_on": []
        },
        {
            "path": [
                "root",
                "develop"
            ],
            "outputs": {
                "hlf_password": {
                    "sensitive": false,
                    "type": "string",
                    "value": "hlf123 \r\n"
                }
            },
            "resources": {
                "data.google_kms_secret.sql_user_password": {
                    "type": "google_kms_secret",
                    "depends_on": [
                        "google_kms_crypto_key.hlf_crypto_key"
                    ],
                    "primary": {
                        "id": "2018-07-27 07:06:19.4617738 +0000 UTC",
                        "attributes": {
                            "ciphertext": "CiQAb/AUO8L6ws3+H+6UKsaJ0S9KebbCjtd03Twm3rKROT6Keh0SMgAtNd4b9JHLv5J26nk7uXSg2vYQoW2Bn1Aiuoona1LxVF1J6Tnn61mAvCACnl+oglZk",
                            "crypto_key": "projects/godlydpatruljen/locations/europe-west3/keyRings/hlf_key_ring/cryptoKeys/hlf_crypto_key",
                            "id": "2018-07-27 07:06:19.4617738 +0000 UTC",
                            "plaintext": "hlf123 \r\n"
                        },
                        "meta": {},
                        "tainted": false
                    },
                    "deposed": [],
                    "provider": "module.develop.provider.google"
                },
                "google_compute_backend_service.load-balancer": {
                    "type": "google_compute_backend_service",
                    "depends_on": [
                        "google_compute_http_health_check.default_health_check",
                        "google_compute_instance_group.server_group"
                    ],
                    "primary": {
                        "id": "loadbalancer-dev",
                        "attributes": {
                            "backend.#": "1",
                            "backend.3975722735.balancing_mode": "UTILIZATION",
                            "backend.3975722735.capacity_scaler": "1",
                            "backend.3975722735.description": "",
                            "backend.3975722735.group": "https://www.googleapis.com/compute/beta/projects/godlydpatruljen/zones/europe-west3-a/instanceGroups/godlyd-server-group-dev",
                            "backend.3975722735.max_connections": "0",
                            "backend.3975722735.max_connections_per_instance": "0",
                            "backend.3975722735.max_rate": "0",
                            "backend.3975722735.max_rate_per_instance": "0",
                            "backend.3975722735.max_utilization": "0.8",
                            "cdn_policy.#": "1",
                            "cdn_policy.0.cache_key_policy.#": "1",
                            "cdn_policy.0.cache_key_policy.0.include_host": "false",
                            "cdn_policy.0.cache_key_policy.0.include_protocol": "false",
                            "cdn_policy.0.cache_key_policy.0.include_query_string": "false",
                            "cdn_policy.0.cache_key_policy.0.query_string_blacklist.#": "0",
                            "cdn_policy.0.cache_key_policy.0.query_string_whitelist.#": "0",
                            "connection_draining_timeout_sec": "300",
                            "custom_request_headers.#": "0",
                            "description": "",
                            "enable_cdn": "false",
                            "fingerprint": "Wy8hnp5pEeE=",
                            "health_checks.#": "1",
                            "health_checks.35240593": "https://www.googleapis.com/compute/beta/projects/godlydpatruljen/global/httpHealthChecks/healthcheck-dev",
                            "iap.#": "0",
                            "id": "loadbalancer-dev",
                            "name": "loadbalancer-dev",
                            "port_name": "http",
                            "project": "godlydpatruljen",
                            "protocol": "HTTP",
                            "security_policy": "",
                            "self_link": "https://www.googleapis.com/compute/v1/projects/godlydpatruljen/global/backendServices/loadbalancer-dev",
                            "session_affinity": "NONE",
                            "timeout_sec": "10"
                        },
                        "meta": {
                            "schema_version": "1"
                        },
                        "tainted": false
                    },
                    "deposed": [],
                    "provider": "module.develop.provider.google"
                },
                "google_compute_firewall.firewall": {
                    "type": "google_compute_firewall",
                    "depends_on": [
                        "google_compute_network.godlyd_vpc"
                    ],
                    "primary": {
                        "id": "firewall-dev",
                        "attributes": {
                            "allow.#": "1",
                            "allow.669503583.ports.#": "4",
                            "allow.669503583.ports.0": "80",
                            "allow.669503583.ports.1": "22",
                            "allow.669503583.ports.2": "433",
                            "allow.669503583.ports.3": "4000",
                            "allow.669503583.protocol": "tcp",
                            "deny.#": "0",
                            "description": "",
                            "destination_ranges.#": "0",
                            "direction": "INGRESS",
                            "disabled": "false",
                            "id": "firewall-dev",
                            "name": "firewall-dev",
                            "network": "https://www.googleapis.com/compute/v1/projects/godlydpatruljen/global/networks/godlyd-dev",
                            "priority": "1000",
                            "project": "godlydpatruljen",
                            "self_link": "https://www.googleapis.com/compute/v1/projects/godlydpatruljen/global/firewalls/firewall-dev",
                            "source_ranges.#": "1",
                            "source_ranges.1080289494": "0.0.0.0/0",
                            "source_service_accounts.#": "0",
                            "source_tags.#": "0",
                            "target_service_accounts.#": "0",
                            "target_tags.#": "0"
                        },
                        "meta": {
                            "schema_version": "1"
                        },
                        "tainted": false
                    },
                    "deposed": [],
                    "provider": "module.develop.provider.google"
                },
                "google_compute_global_forwarding_rule.godlyd_http_forward": {
                    "type": "google_compute_global_forwarding_rule",
                    "depends_on": [
                        "google_compute_target_http_proxy.godlyd_http_proxy"
                    ],
                    "primary": {
                        "id": "godlyd-http-forward-dev",
                        "attributes": {
                            "description": "",
                            "id": "godlyd-http-forward-dev",
                            "ip_address": "35.241.10.1",
                            "ip_protocol": "TCP",
                            "ip_version": "",
                            "label_fingerprint": "42WmSpB8rSM=",
                            "labels.%": "0",
                            "name": "godlyd-http-forward-dev",
                            "port_range": "80-80",
                            "project": "godlydpatruljen",
                            "self_link": "https://www.googleapis.com/compute/v1/projects/godlydpatruljen/global/forwardingRules/godlyd-http-forward-dev",
                            "target": "https://www.googleapis.com/compute/beta/projects/godlydpatruljen/global/targetHttpProxies/godlyd-http-proxy-dev"
                        },
                        "meta": {},
                        "tainted": false
                    },
                    "deposed": [],
                    "provider": "module.develop.provider.google"
                },
                "google_compute_http_health_check.default_health_check": {
                    "type": "google_compute_http_health_check",
                    "depends_on": [],
                    "primary": {
                        "id": "healthcheck-dev",
                        "attributes": {
                            "check_interval_sec": "1",
                            "creation_timestamp": "2018-07-26T04:03:19.197-07:00",
                            "description": "",
                            "healthy_threshold": "2",
                            "host": "",
                            "id": "healthcheck-dev",
                            "name": "healthcheck-dev",
                            "port": "80",
                            "project": "godlydpatruljen",
                            "request_path": "/healthcheck",
                            "self_link": "https://www.googleapis.com/compute/v1/projects/godlydpatruljen/global/httpHealthChecks/healthcheck-dev",
                            "timeout_sec": "1",
                            "unhealthy_threshold": "2"
                        },
                        "meta": {
                            "e2bfb730-ecaa-11e6-8f88-34363bc7c4c0": {
                                "create": 240000000000,
                                "delete": 240000000000,
                                "update": 240000000000
                            }
                        },
                        "tainted": false
                    },
                    "deposed": [],
                    "provider": "module.develop.provider.google"
                },
                "google_compute_instance.server": {
                    "type": "google_compute_instance",
                    "depends_on": [
                        "google_compute_network.godlyd_vpc"
                    ],
                    "primary": {
                        "id": "server-hlf-dev",
                        "attributes": {
                            "allow_stopping_for_update": "true",
                            "attached_disk.#": "0",
                            "boot_disk.#": "1",
                            "boot_disk.0.auto_delete": "true",
                            "boot_disk.0.device_name": "persistent-disk-0",
                            "boot_disk.0.disk_encryption_key_raw": "",
                            "boot_disk.0.disk_encryption_key_sha256": "",
                            "boot_disk.0.initialize_params.#": "1",
                            "boot_disk.0.initialize_params.0.image": "https://www.googleapis.com/compute/v1/projects/godlydpatruljen/global/images/packer-1531395416",
                            "boot_disk.0.initialize_params.0.size": "10",
                            "boot_disk.0.initialize_params.0.type": "pd-standard",
                            "boot_disk.0.source": "https://www.googleapis.com/compute/v1/projects/godlydpatruljen/zones/europe-west3-a/disks/server-hlf-dev",
                            "can_ip_forward": "false",
                            "cpu_platform": "Intel Broadwell",
                            "create_timeout": "4",
                            "deletion_protection": "false",
                            "guest_accelerator.#": "0",
                            "id": "server-hlf-dev",
                            "instance_id": "2023481291507504244",
                            "label_fingerprint": "42WmSpB8rSM=",
                            "labels.%": "0",
                            "machine_type": "n1-standard-1",
                            "metadata.%": "1",
                            "metadata.gce-container-declaration": "spec:\n  containers:\n  - image: eu.gcr.io/godlydpatruljen/server\n    name: godlyd\n    securityContext:\n      privileged: false\n    stdin: false\n    tty: false\n    volumeMounts: []\n  restartPolicy: Always\n  volumes: []\n",
                            "metadata_fingerprint": "AQE-pjwimXg=",
                            "metadata_startup_script": "",
                            "min_cpu_platform": "",
                            "name": "server-hlf-dev",
                            "network_interface.#": "1",
                            "network_interface.0.access_config.#": "1",
                            "network_interface.0.access_config.0.assigned_nat_ip": "35.234.113.13",
                            "network_interface.0.access_config.0.nat_ip": "35.234.113.13",
                            "network_interface.0.access_config.0.network_tier": "PREMIUM",
                            "network_interface.0.access_config.0.public_ptr_domain_name": "",
                            "network_interface.0.address": "10.156.0.2",
                            "network_interface.0.alias_ip_range.#": "0",
                            "network_interface.0.name": "nic0",
                            "network_interface.0.network": "https://www.googleapis.com/compute/v1/projects/godlydpatruljen/global/networks/godlyd-dev",
                            "network_interface.0.network_ip": "10.156.0.2",
                            "network_interface.0.subnetwork": "https://www.googleapis.com/compute/v1/projects/godlydpatruljen/regions/europe-west3/subnetworks/godlyd-dev",
                            "network_interface.0.subnetwork_project": "godlydpatruljen",
                            "project": "godlydpatruljen",
                            "scheduling.#": "1",
                            "scheduling.0.automatic_restart": "false",
                            "scheduling.0.on_host_maintenance": "MIGRATE",
                            "scheduling.0.preemptible": "false",
                            "scratch_disk.#": "0",
                            "self_link": "https://www.googleapis.com/compute/v1/projects/godlydpatruljen/zones/europe-west3-a/instances/server-hlf-dev",
                            "service_account.#": "1",
                            "service_account.0.email": "terraform@godlydpatruljen.iam.gserviceaccount.com",
                            "service_account.0.scopes.#": "5",
                            "service_account.0.scopes.1328717722": "https://www.googleapis.com/auth/devstorage.read_write",
                            "service_account.0.scopes.172152165": "https://www.googleapis.com/auth/logging.write",
                            "service_account.0.scopes.2428168921": "https://www.googleapis.com/auth/userinfo.email",
                            "service_account.0.scopes.299962681": "https://www.googleapis.com/auth/compute",
                            "service_account.0.scopes.4177124133": "https://www.googleapis.com/auth/monitoring.write",
                            "tags.#": "0",
                            "tags_fingerprint": "42WmSpB8rSM=",
                            "zone": "europe-west3-a"
                        },
                        "meta": {
                            "e2bfb730-ecaa-11e6-8f88-34363bc7c4c0": {
                                "create": 360000000000,
                                "delete": 360000000000,
                                "update": 360000000000
                            },
                            "schema_version": "6"
                        },
                        "tainted": false
                    },
                    "deposed": [],
                    "provider": "module.develop.provider.google"
                },
                "google_compute_instance_group.server_group": {
                    "type": "google_compute_instance_group",
                    "depends_on": [
                        "google_compute_instance.server"
                    ],
                    "primary": {
                        "id": "europe-west3-a/godlyd-server-group-dev",
                        "attributes": {
                            "description": "",
                            "id": "europe-west3-a/godlyd-server-group-dev",
                            "instances.#": "1",
                            "instances.510876558": "https://www.googleapis.com/compute/v1/projects/godlydpatruljen/zones/europe-west3-a/instances/server-hlf-dev",
                            "name": "godlyd-server-group-dev",
                            "named_port.#": "0",
                            "network": "https://www.googleapis.com/compute/v1/projects/godlydpatruljen/global/networks/godlyd-dev",
                            "project": "godlydpatruljen",
                            "self_link": "https://www.googleapis.com/compute/v1/projects/godlydpatruljen/zones/europe-west3-a/instanceGroups/godlyd-server-group-dev",
                            "size": "1",
                            "zone": "europe-west3-a"
                        },
                        "meta": {
                            "schema_version": "2"
                        },
                        "tainted": false
                    },
                    "deposed": [],
                    "provider": "module.develop.provider.google"
                },
                "google_compute_network.godlyd_vpc": {
                    "type": "google_compute_network",
                    "depends_on": [],
                    "primary": {
                        "id": "godlyd-dev",
                        "attributes": {
                            "auto_create_subnetworks": "true",
                            "description": "",
                            "gateway_ipv4": "",
                            "id": "godlyd-dev",
                            "ipv4_range": "",
                            "name": "godlyd-dev",
                            "project": "godlydpatruljen",
                            "routing_mode": "REGIONAL",
                            "self_link": "https://www.googleapis.com/compute/v1/projects/godlydpatruljen/global/networks/godlyd-dev"
                        },
                        "meta": {},
                        "tainted": false
                    },
                    "deposed": [],
                    "provider": "module.develop.provider.google"
                },
                "google_compute_target_http_proxy.godlyd_http_proxy": {
                    "type": "google_compute_target_http_proxy",
                    "depends_on": [
                        "google_compute_url_map.god_lyd_map"
                    ],
                    "primary": {
                        "id": "godlyd-http-proxy-dev",
                        "attributes": {
                            "creation_timestamp": "2018-07-26T04:10:20.938-07:00",
                            "description": "",
                            "id": "godlyd-http-proxy-dev",
                            "name": "godlyd-http-proxy-dev",
                            "project": "godlydpatruljen",
                            "proxy_id": "5812278492581335795",
                            "self_link": "https://www.googleapis.com/compute/v1/projects/godlydpatruljen/global/targetHttpProxies/godlyd-http-proxy-dev",
                            "url_map": "https://www.googleapis.com/compute/v1/projects/godlydpatruljen/global/urlMaps/godlyd-map-dev"
                        },
                        "meta": {
                            "e2bfb730-ecaa-11e6-8f88-34363bc7c4c0": {
                                "create": 240000000000,
                                "delete": 240000000000,
                                "update": 240000000000
                            }
                        },
                        "tainted": false
                    },
                    "deposed": [],
                    "provider": "module.develop.provider.google"
                },
                "google_compute_url_map.god_lyd_map": {
                    "type": "google_compute_url_map",
                    "depends_on": [
                        "google_compute_backend_service.load-balancer"
                    ],
                    "primary": {
                        "id": "godlyd-map-dev",
                        "attributes": {
                            "default_service": "https://www.googleapis.com/compute/v1/projects/godlydpatruljen/global/backendServices/loadbalancer-dev",
                            "fingerprint": "VdmanoXlJMQ=",
                            "host_rule.#": "0",
                            "id": "godlyd-map-dev",
                            "map_id": "7662189123934098174",
                            "name": "godlyd-map-dev",
                            "path_matcher.#": "0",
                            "project": "godlydpatruljen",
                            "self_link": "https://www.googleapis.com/compute/v1/projects/godlydpatruljen/global/urlMaps/godlyd-map-dev",
                            "test.#": "0"
                        },
                        "meta": {},
                        "tainted": false
                    },
                    "deposed": [],
                    "provider": "module.develop.provider.google"
                },
                "google_kms_crypto_key.hlf_crypto_key": {
                    "type": "google_kms_crypto_key",
                    "depends_on": [
                        "google_kms_key_ring.hlf_key_ring"
                    ],
                    "primary": {
                        "id": "projects/godlydpatruljen/locations/europe-west3/keyRings/hlf_key_ring/cryptoKeys/hlf_crypto_key",
                        "attributes": {
                            "id": "projects/godlydpatruljen/locations/europe-west3/keyRings/hlf_key_ring/cryptoKeys/hlf_crypto_key",
                            "key_ring": "godlydpatruljen/europe-west3/hlf_key_ring",
                            "name": "hlf_crypto_key",
                            "rotation_period": ""
                        },
                        "meta": {},
                        "tainted": false
                    },
                    "deposed": [],
                    "provider": "module.develop.provider.google"
                },
                "google_kms_key_ring.hlf_key_ring": {
                    "type": "google_kms_key_ring",
                    "depends_on": [],
                    "primary": {
                        "id": "projects/godlydpatruljen/locations/europe-west3/keyRings/hlf_key_ring",
                        "attributes": {
                            "id": "projects/godlydpatruljen/locations/europe-west3/keyRings/hlf_key_ring",
                            "location": "europe-west3",
                            "name": "hlf_key_ring",
                            "project": "godlydpatruljen"
                        },
                        "meta": {},
                        "tainted": false
                    },
                    "deposed": [],
                    "provider": "module.develop.provider.google"
                },
                "google_sql_database.godlyd-database": {
                    "type": "google_sql_database",
                    "depends_on": [
                        "google_sql_database_instance.database"
                    ],
                    "primary": {
                        "id": "database-hlf-dev:godlyd",
                        "attributes": {
                            "charset": "UTF8",
                            "collation": "en_US.UTF8",
                            "id": "database-hlf-dev:godlyd",
                            "instance": "database-hlf-dev",
                            "name": "godlyd",
                            "project": "godlydpatruljen",
                            "self_link": "https://www.googleapis.com/sql/v1beta4/projects/godlydpatruljen/instances/database-hlf-dev/databases/godlyd"
                        },
                        "meta": {
                            "e2bfb730-ecaa-11e6-8f88-34363bc7c4c0": {
                                "create": 900000000000,
                                "delete": 600000000000,
                                "update": 600000000000
                            }
                        },
                        "tainted": false
                    },
                    "deposed": [],
                    "provider": "module.develop.provider.google"
                },
                "google_sql_database_instance.database": {
                    "type": "google_sql_database_instance",
                    "depends_on": [],
                    "primary": {
                        "id": "database-hlf-dev",
                        "attributes": {
                            "connection_name": "godlydpatruljen:europe-west3:database-hlf-dev",
                            "database_version": "POSTGRES_9_6",
                            "first_ip_address": "35.234.100.197",
                            "id": "database-hlf-dev",
                            "ip_address.#": "1",
                            "ip_address.0.ip_address": "35.234.100.197",
                            "ip_address.0.time_to_retire": "",
                            "master_instance_name": "",
                            "name": "database-hlf-dev",
                            "project": "godlydpatruljen",
                            "region": "europe-west3",
                            "replica_configuration.#": "0",
                            "self_link": "https://www.googleapis.com/sql/v1beta4/projects/godlydpatruljen/instances/database-hlf-dev",
                            "server_ca_cert.#": "1",
                            "server_ca_cert.0.cert": "-----BEGIN CERTIFICATE-----\nMIIDITCCAgmgAwIBAgIBADANBgkqhkiG9w0BAQsFADBIMSMwIQYDVQQDExpHb29n\nbGUgQ2xvdWQgU1FMIFNlcnZlciBDQTEUMBIGA1UEChMLR29vZ2xlLCBJbmMxCzAJ\nBgNVBAYTAlVTMB4XDTE4MDcyNjExMjIxNVoXDTI4MDcyMzExMjMxNVowSDEjMCEG\nA1UEAxMaR29vZ2xlIENsb3VkIFNRTCBTZXJ2ZXIgQ0ExFDASBgNVBAoTC0dvb2ds\nZSwgSW5jMQswCQYDVQQGEwJVUzCCASIwDQYJKoZIhvcNAQEBBQADggEPADCCAQoC\nggEBALLpJMUWyRH3eQR1VSioHZZ4mY3NB7U8LPP3Br3Xs1Bep2F5ITOwymIYGE15\n1QLXaWTpoD/vAiM/W36ucKhUQjXhDON1lNTVlHETeViSOQSBHj1BioijTAxupw73\nOsXqDxLcEJF6VygEIKv6Jms+HSb1GiiNid/IxBJwU3yNH74k4KUGTJOHY6kGsTeW\nUUl1WCtHr9j2QXktcqqnHEg5ZxHZR+UzTG+fqlGgw+Ycz+i6otwf1PF1RrbeOyAE\n6n0XDx2M43lL/RR2O4t7f3eG/6ZkLLk92cIiJ9WBq0p2dp3hjZ+JsKYtP8VtKa15\nETXNrS1JQMfplLeAHrpz+56mz3ECAwEAAaMWMBQwEgYDVR0TAQH/BAgwBgEB/wIB\nADANBgkqhkiG9w0BAQsFAAOCAQEAglFpaVFnr2EbRNYdjtY9t0cNpF8ogMOl2gaz\nh/ptKLfFjJi67vM5pAMv5zqhw2pagYA5dv7yK884DfSFK49C5XGd/yOP8GlvTg9y\nDpP7gDSYLTJ221+1L7XIEC6U+Sk0X6w9CpTe26rgbuafB5nT108M5UgwMmPwTVLL\n5I1PUNI6c/+044pg1r4aGQj4S2QX3lZnKtmPSl+D2mUU+JbCoDmjK3Y2AjyR3pzj\nF5LIrsyDunR5q01NXhTt5CD8YHOzcx4O1v9A9wElaVoNkVuMxi8QmCJZPes/aQ2t\n8Sa+W28yiQ6gRMDnmG1jl6SEAuBypHhJnjL98wfvzuQEd5WPKQ==\n-----END CERTIFICATE-----",
                            "server_ca_cert.0.common_name": "C=US,O=Google\\, Inc,CN=Google Cloud SQL Server CA",
                            "server_ca_cert.0.create_time": "2018-07-26T11:22:15.560Z",
                            "server_ca_cert.0.expiration_time": "2028-07-23T11:23:15.560Z",
                            "server_ca_cert.0.sha1_fingerprint": "e580f63b656a651abede36f8bc82794d5d69da64",
                            "settings.#": "1",
                            "settings.0.activation_policy": "ALWAYS",
                            "settings.0.authorized_gae_applications.#": "0",
                            "settings.0.availability_type": "ZONAL",
                            "settings.0.backup_configuration.#": "1",
                            "settings.0.backup_configuration.0.binary_log_enabled": "false",
                            "settings.0.backup_configuration.0.enabled": "true",
                            "settings.0.backup_configuration.0.start_time": "10:00",
                            "settings.0.crash_safe_replication": "false",
                            "settings.0.database_flags.#": "0",
                            "settings.0.disk_autoresize": "true",
                            "settings.0.disk_size": "10",
                            "settings.0.disk_type": "PD_SSD",
                            "settings.0.ip_configuration.#": "1",
                            "settings.0.ip_configuration.0.authorized_networks.#": "1",
                            "settings.0.ip_configuration.0.authorized_networks.1847116499.expiration_time": "",
                            "settings.0.ip_configuration.0.authorized_networks.1847116499.name": "knowit",
                            "settings.0.ip_configuration.0.authorized_networks.1847116499.value": "213.236.148.83",
                            "settings.0.ip_configuration.0.ipv4_enabled": "true",
                            "settings.0.ip_configuration.0.require_ssl": "false",
                            "settings.0.location_preference.#": "1",
                            "settings.0.location_preference.0.follow_gae_application": "",
                            "settings.0.location_preference.0.zone": "",
                            "settings.0.maintenance_window.#": "0",
                            "settings.0.pricing_plan": "PER_USE",
                            "settings.0.replication_type": "SYNCHRONOUS",
                            "settings.0.tier": "db-f1-micro",
                            "settings.0.user_labels.%": "0",
                            "settings.0.version": "3"
                        },
                        "meta": {
                            "e2bfb730-ecaa-11e6-8f88-34363bc7c4c0": {
                                "create": 600000000000,
                                "delete": 600000000000,
                                "update": 600000000000
                            }
                        },
                        "tainted": false
                    },
                    "deposed": [],
                    "provider": "module.develop.provider.google"
                },
                "google_sql_user.user": {
                    "type": "google_sql_user",
                    "depends_on": [
                        "data.google_kms_secret.sql_user_password",
                        "google_sql_database_instance.database"
                    ],
                    "primary": {
                        "id": "hlf//database-hlf-dev",
                        "attributes": {
                            "host": "",
                            "id": "hlf//database-hlf-dev",
                            "instance": "database-hlf-dev",
                            "name": "hlf",
                            "password": "hlf123 \r\n",
                            "project": "godlydpatruljen"
                        },
                        "meta": {
                            "schema_version": "1"
                        },
                        "tainted": false
                    },
                    "deposed": [],
                    "provider": "module.develop.provider.google"
                }
            },
            "depends_on": []
        }
    ]
}
